
Microsoft Visual Studio Solution File, Format Version 12.00
# Visual Studio Version 16
VisualStudioVersion = 16.0.31019.35
MinimumVisualStudioVersion = 10.0.40219.1
Project("{FAE04EC0-301F-11D3-BF4B-00C04F79EFBC}") = "MVC", "MVC\MVC.csproj", "{F6E101A0-61EA-4574-85FF-51028B23EECD}"
EndProject
Global
	GlobalSection(SolutionConfigurationPlatforms) = preSolution
		Debug|Any CPU = Debug|Any CPU
		Release|Any CPU = Release|Any CPU
	EndGlobalSection
	GlobalSection(ProjectConfigurationPlatforms) = postSolution
		{F6E101A0-61EA-4574-85FF-51028B23EECD}.Debug|Any CPU.ActiveCfg = Debug|Any CPU
		{F6E101A0-61EA-4574-85FF-51028B23EECD}.Debug|Any CPU.Build.0 = Debug|Any CPU
		{F6E101A0-61EA-4574-85FF-51028B23EECD}.Release|Any CPU.ActiveCfg = Release|Any CPU
		{F6E101A0-61EA-4574-85FF-51028B23EECD}.Release|Any CPU.Build.0 = Release|Any CPU
	EndGlobalSection
	GlobalSection(SolutionProperties) = preSolution
		HideSolutionNode = FALSE
	EndGlobalSection
	GlobalSection(ExtensibilityGlobals) = postSolution
		SolutionGuid = {7A5D88CD-C613-48B8-B7D2-BF46AC1405EE}
	EndGlobalSection
EndGlobal
